// !$*UTF8*$!
{
	archiveVersion = 1;
	classes = {
	};
	objectVersion = 50;
	objects = {

/* Begin PBXBuildFile section */
		D8AC42F424F5C2C000D04861 /* NJSCalendarApp.swift in Sources */ = {isa = PBXBuildFile; fileRef = D8AC42F324F5C2C000D04861 /* NJSCalendarApp.swift */; };
		D8AC42F624F5C2C000D04861 /* ContentView.swift in Sources */ = {isa = PBXBuildFile; fileRef = D8AC42F524F5C2C000D04861 /* ContentView.swift */; };
		D8AC42F824F5C2C100D04861 /* Assets.xcassets in Resources */ = {isa = PBXBuildFile; fileRef = D8AC42F724F5C2C100D04861 /* Assets.xcassets */; };
		D8AC42FB24F5C2C100D04861 /* Preview Assets.xcassets in Resources */ = {isa = PBXBuildFile; fileRef = D8AC42FA24F5C2C100D04861 /* Preview Assets.xcassets */; };
		D8AC430C24F5C31400D04861 /* NJSCalendarRowView.swift in Sources */ = {isa = PBXBuildFile; fileRef = D8AC430A24F5C31400D04861 /* NJSCalendarRowView.swift */; };
		D8AC430D24F5C31400D04861 /* NJSCalendar.swift in Sources */ = {isa = PBXBuildFile; fileRef = D8AC430624F5C31400D04861 /* NJSCalendar.swift */; };
		D8AC430E24F5C31400D04861 /* NJSCalendarScrollView.swift in Sources */ = {isa = PBXBuildFile; fileRef = D8AC430924F5C31400D04861 /* NJSCalendarScrollView.swift */; };
		D8AC430F24F5C31400D04861 /* NJSCalendarView.swift in Sources */ = {isa = PBXBuildFile; fileRef = D8AC430B24F5C31400D04861 /* NJSCalendarView.swift */; };
		D8AC431024F5C31400D04861 /* NJSCalendarCellView.swift in Sources */ = {isa = PBXBuildFile; fileRef = D8AC430724F5C31400D04861 /* NJSCalendarCellView.swift */; };
		D8AC431124F5C31400D04861 /* NJSCellData.swift in Sources */ = {isa = PBXBuildFile; fileRef = D8AC430824F5C31400D04861 /* NJSCellData.swift */; };
		D8AC431224F5C31400D04861 /* NJSDate.swift in Sources */ = {isa = PBXBuildFile; fileRef = D8AC430324F5C31300D04861 /* NJSDate.swift */; };
		D8AC431324F5C31400D04861 /* NJSCalendarMonthView.swift in Sources */ = {isa = PBXBuildFile; fileRef = D8AC430224F5C31300D04861 /* NJSCalendarMonthView.swift */; };
		D8AC431424F5C31400D04861 /* NJSCalendarHeaderView.swift in Sources */ = {isa = PBXBuildFile; fileRef = D8AC430424F5C31300D04861 /* NJSCalendarHeaderView.swift */; };
		D8AC431524F5C31400D04861 /* NJSCalendarDataSource.swift in Sources */ = {isa = PBXBuildFile; fileRef = D8AC430524F5C31400D04861 /* NJSCalendarDataSource.swift */; };
		D8AC431A24F5C49500D04861 /* TestCalendar.swift in Sources */ = {isa = PBXBuildFile; fileRef = D8AC431724F5C34500D04861 /* TestCalendar.swift */; };
		D8AC431B24F5C49500D04861 /* TestCalendarCellView.swift in Sources */ = {isa = PBXBuildFile; fileRef = D8AC431824F5C34500D04861 /* TestCalendarCellView.swift */; };
		D8AC431C24F5C49800D04861 /* TestCalendarView.swift in Sources */ = {isa = PBXBuildFile; fileRef = D8AC431924F5C34500D04861 /* TestCalendarView.swift */; };
/* End PBXBuildFile section */

/* Begin PBXFileReference section */
		D8AC42F024F5C2C000D04861 /* NJSCalendar.app */ = {isa = PBXFileReference; explicitFileType = wrapper.application; includeInIndex = 0; path = NJSCalendar.app; sourceTree = BUILT_PRODUCTS_DIR; };
		D8AC42F324F5C2C000D04861 /* NJSCalendarApp.swift */ = {isa = PBXFileReference; lastKnownFileType = sourcecode.swift; path = NJSCalendarApp.swift; sourceTree = "<group>"; };
		D8AC42F524F5C2C000D04861 /* ContentView.swift */ = {isa = PBXFileReference; lastKnownFileType = sourcecode.swift; path = ContentView.swift; sourceTree = "<group>"; };
		D8AC42F724F5C2C100D04861 /* Assets.xcassets */ = {isa = PBXFileReference; lastKnownFileType = folder.assetcatalog; path = Assets.xcassets; sourceTree = "<group>"; };
		D8AC42FA24F5C2C100D04861 /* Preview Assets.xcassets */ = {isa = PBXFileReference; lastKnownFileType = folder.assetcatalog; path = "Preview Assets.xcassets"; sourceTree = "<group>"; };
		D8AC42FC24F5C2C100D04861 /* Info.plist */ = {isa = PBXFileReference; lastKnownFileType = text.plist.xml; path = Info.plist; sourceTree = "<group>"; };
		D8AC430224F5C31300D04861 /* NJSCalendarMonthView.swift */ = {isa = PBXFileReference; lastKnownFileType = sourcecode.swift; path = NJSCalendarMonthView.swift; sourceTree = "<group>"; };
		D8AC430324F5C31300D04861 /* NJSDate.swift */ = {isa = PBXFileReference; lastKnownFileType = sourcecode.swift; path = NJSDate.swift; sourceTree = "<group>"; };
		D8AC430424F5C31300D04861 /* NJSCalendarHeaderView.swift */ = {isa = PBXFileReference; lastKnownFileType = sourcecode.swift; path = NJSCalendarHeaderView.swift; sourceTree = "<group>"; };
		D8AC430524F5C31400D04861 /* NJSCalendarDataSource.swift */ = {isa = PBXFileReference; lastKnownFileType = sourcecode.swift; path = NJSCalendarDataSource.swift; sourceTree = "<group>"; };
		D8AC430624F5C31400D04861 /* NJSCalendar.swift */ = {isa = PBXFileReference; lastKnownFileType = sourcecode.swift; path = NJSCalendar.swift; sourceTree = "<group>"; };
		D8AC430724F5C31400D04861 /* NJSCalendarCellView.swift */ = {isa = PBXFileReference; lastKnownFileType = sourcecode.swift; path = NJSCalendarCellView.swift; sourceTree = "<group>"; };
		D8AC430824F5C31400D04861 /* NJSCellData.swift */ = {isa = PBXFileReference; lastKnownFileType = sourcecode.swift; path = NJSCellData.swift; sourceTree = "<group>"; };
		D8AC430924F5C31400D04861 /* NJSCalendarScrollView.swift */ = {isa = PBXFileReference; lastKnownFileType = sourcecode.swift; path = NJSCalendarScrollView.swift; sourceTree = "<group>"; };
		D8AC430A24F5C31400D04861 /* NJSCalendarRowView.swift */ = {isa = PBXFileReference; lastKnownFileType = sourcecode.swift; path = NJSCalendarRowView.swift; sourceTree = "<group>"; };
		D8AC430B24F5C31400D04861 /* NJSCalendarView.swift */ = {isa = PBXFileReference; lastKnownFileType = sourcecode.swift; path = NJSCalendarView.swift; sourceTree = "<group>"; };
		D8AC431724F5C34500D04861 /* TestCalendar.swift */ = {isa = PBXFileReference; lastKnownFileType = sourcecode.swift; path = TestCalendar.swift; sourceTree = "<group>"; };
		D8AC431824F5C34500D04861 /* TestCalendarCellView.swift */ = {isa = PBXFileReference; lastKnownFileType = sourcecode.swift; path = TestCalendarCellView.swift; sourceTree = "<group>"; };
		D8AC431924F5C34500D04861 /* TestCalendarView.swift */ = {isa = PBXFileReference; lastKnownFileType = sourcecode.swift; path = TestCalendarView.swift; sourceTree = "<group>"; };
/* End PBXFileReference section */

/* Begin PBXFrameworksBuildPhase section */
		D8AC42ED24F5C2C000D04861 /* Frameworks */ = {
			isa = PBXFrameworksBuildPhase;
			buildActionMask = 2147483647;
			files = (
			);
			runOnlyForDeploymentPostprocessing = 0;
		};
/* End PBXFrameworksBuildPhase section */

/* Begin PBXGroup section */
		D8AC42E724F5C2C000D04861 = {
			isa = PBXGroup;
			children = (
				D8AC431624F5C33100D04861 /* Test App */,
				D8AC42F224F5C2C000D04861 /* NJSCalendar */,
				D8AC42F124F5C2C000D04861 /* Products */,
			);
			sourceTree = "<group>";
		};
		D8AC42F124F5C2C000D04861 /* Products */ = {
			isa = PBXGroup;
			children = (
				D8AC42F024F5C2C000D04861 /* NJSCalendar.app */,
			);
			name = Products;
			sourceTree = "<group>";
		};
		D8AC42F224F5C2C000D04861 /* NJSCalendar */ = {
			isa = PBXGroup;
			children = (
				D8AC430624F5C31400D04861 /* NJSCalendar.swift */,
				D8AC430724F5C31400D04861 /* NJSCalendarCellView.swift */,
				D8AC430524F5C31400D04861 /* NJSCalendarDataSource.swift */,
				D8AC430424F5C31300D04861 /* NJSCalendarHeaderView.swift */,
				D8AC430224F5C31300D04861 /* NJSCalendarMonthView.swift */,
				D8AC430A24F5C31400D04861 /* NJSCalendarRowView.swift */,
				D8AC430924F5C31400D04861 /* NJSCalendarScrollView.swift */,
				D8AC430B24F5C31400D04861 /* NJSCalendarView.swift */,
				D8AC430824F5C31400D04861 /* NJSCellData.swift */,
				D8AC430324F5C31300D04861 /* NJSDate.swift */,
				D8AC42F724F5C2C100D04861 /* Assets.xcassets */,
				D8AC42FC24F5C2C100D04861 /* Info.plist */,
				D8AC42F924F5C2C100D04861 /* Preview Content */,
			);
			path = NJSCalendar;
			sourceTree = "<group>";
		};
		D8AC42F924F5C2C100D04861 /* Preview Content */ = {
			isa = PBXGroup;
			children = (
				D8AC42FA24F5C2C100D04861 /* Preview Assets.xcassets */,
			);
			path = "Preview Content";
			sourceTree = "<group>";
		};
		D8AC431624F5C33100D04861 /* Test App */ = {
			isa = PBXGroup;
			children = (
				D8AC431924F5C34500D04861 /* TestCalendarView.swift */,
				D8AC431724F5C34500D04861 /* TestCalendar.swift */,
				D8AC431824F5C34500D04861 /* TestCalendarCellView.swift */,
				D8AC42F524F5C2C000D04861 /* ContentView.swift */,
				D8AC42F324F5C2C000D04861 /* NJSCalendarApp.swift */,
			);
			path = "Test App";
			sourceTree = "<group>";
		};
/* End PBXGroup section */

/* Begin PBXNativeTarget section */
		D8AC42EF24F5C2C000D04861 /* NJSCalendar */ = {
			isa = PBXNativeTarget;
			buildConfigurationList = D8AC42FF24F5C2C100D04861 /* Build configuration list for PBXNativeTarget "NJSCalendar" */;
			buildPhases = (
				D8AC42EC24F5C2C000D04861 /* Sources */,
				D8AC42ED24F5C2C000D04861 /* Frameworks */,
				D8AC42EE24F5C2C000D04861 /* Resources */,
			);
			buildRules = (
			);
			dependencies = (
			);
			name = NJSCalendar;
			productName = NJSCalendar;
			productReference = D8AC42F024F5C2C000D04861 /* NJSCalendar.app */;
			productType = "com.apple.product-type.application";
		};
/* End PBXNativeTarget section */

/* Begin PBXProject section */
		D8AC42E824F5C2C000D04861 /* Project object */ = {
			isa = PBXProject;
			attributes = {
				LastSwiftUpdateCheck = 1200;
				LastUpgradeCheck = 1200;
				TargetAttributes = {
					D8AC42EF24F5C2C000D04861 = {
						CreatedOnToolsVersion = 12.0;
					};
				};
			};
			buildConfigurationList = D8AC42EB24F5C2C000D04861 /* Build configuration list for PBXProject "NJSCalendar" */;
			compatibilityVersion = "Xcode 9.3";
			developmentRegion = en;
			hasScannedForEncodings = 0;
			knownRegions = (
				en,
				Base,
			);
			mainGroup = D8AC42E724F5C2C000D04861;
			productRefGroup = D8AC42F124F5C2C000D04861 /* Products */;
			projectDirPath = "";
			projectRoot = "";
			targets = (
				D8AC42EF24F5C2C000D04861 /* NJSCalendar */,
			);
		};
/* End PBXProject section */

/* Begin PBXResourcesBuildPhase section */
		D8AC42EE24F5C2C000D04861 /* Resources */ = {
			isa = PBXResourcesBuildPhase;
			buildActionMask = 2147483647;
			files = (
				D8AC42FB24F5C2C100D04861 /* Preview Assets.xcassets in Resources */,
				D8AC42F824F5C2C100D04861 /* Assets.xcassets in Resources */,
			);
			runOnlyForDeploymentPostprocessing = 0;
		};
/* End PBXResourcesBuildPhase section */

/* Begin PBXSourcesBuildPhase section */
		D8AC42EC24F5C2C000D04861 /* Sources */ = {
			isa = PBXSourcesBuildPhase;
			buildActionMask = 2147483647;
			files = (
				D8AC430C24F5C31400D04861 /* NJSCalendarRowView.swift in Sources */,
				D8AC431A24F5C49500D04861 /* TestCalendar.swift in Sources */,
				D8AC431124F5C31400D04861 /* NJSCellData.swift in Sources */,
				D8AC431224F5C31400D04861 /* NJSDate.swift in Sources */,
				D8AC430D24F5C31400D04861 /* NJSCalendar.swift in Sources */,
				D8AC431424F5C31400D04861 /* NJSCalendarHeaderView.swift in Sources */,
				D8AC430E24F5C31400D04861 /* NJSCalendarScrollView.swift in Sources */,
				D8AC431324F5C31400D04861 /* NJSCalendarMonthView.swift in Sources */,
				D8AC42F624F5C2C000D04861 /* ContentView.swift in Sources */,
				D8AC430F24F5C31400D04861 /* NJSCalendarView.swift in Sources */,
				D8AC431024F5C31400D04861 /* NJSCalendarCellView.swift in Sources */,
				D8AC431524F5C31400D04861 /* NJSCalendarDataSource.swift in Sources */,
				D8AC431B24F5C49500D04861 /* TestCalendarCellView.swift in Sources */,
				D8AC431C24F5C49800D04861 /* TestCalendarView.swift in Sources */,
				D8AC42F424F5C2C000D04861 /* NJSCalendarApp.swift in Sources */,
			);
			runOnlyForDeploymentPostprocessing = 0;
		};
/* End PBXSourcesBuildPhase section */

/* Begin XCBuildConfiguration section */
		D8AC42FD24F5C2C100D04861 /* Debug */ = {
			isa = XCBuildConfiguration;
			buildSettings = {
				ALWAYS_SEARCH_USER_PATHS = NO;
				CLANG_ANALYZER_NONNULL = YES;
				CLANG_ANALYZER_NUMBER_OBJECT_CONVERSION = YES_AGGRESSIVE;
				CLANG_CXX_LANGUAGE_STANDARD = "gnu++14";
				CLANG_CXX_LIBRARY = "libc++";
				CLANG_ENABLE_MODULES = YES;
				CLANG_ENABLE_OBJC_ARC = YES;
				CLANG_ENABLE_OBJC_WEAK = YES;
				CLANG_WARN_BLOCK_CAPTURE_AUTORELEASING = YES;
				CLANG_WARN_BOOL_CONVERSION = YES;
				CLANG_WARN_COMMA = YES;
				CLANG_WARN_CONSTANT_CONVERSION = YES;
				CLANG_WARN_DEPRECATED_OBJC_IMPLEMENTATIONS = YES;
				CLANG_WARN_DIRECT_OBJC_ISA_USAGE = YES_ERROR;
				CLANG_WARN_DOCUMENTATION_COMMENTS = YES;
				CLANG_WARN_EMPTY_BODY = YES;
				CLANG_WARN_ENUM_CONVERSION = YES;
				CLANG_WARN_INFINITE_RECURSION = YES;
				CLANG_WARN_INT_CONVERSION = YES;
				CLANG_WARN_NON_LITERAL_NULL_CONVERSION = YES;
				CLANG_WARN_OBJC_IMPLICIT_RETAIN_SELF = YES;
				CLANG_WARN_OBJC_LITERAL_CONVERSION = YES;
				CLANG_WARN_OBJC_ROOT_CLASS = YES_ERROR;
				CLANG_WARN_QUOTED_INCLUDE_IN_FRAMEWORK_HEADER = YES;
				CLANG_WARN_RANGE_LOOP_ANALYSIS = YES;
				CLANG_WARN_STRICT_PROTOTYPES = YES;
				CLANG_WARN_SUSPICIOUS_MOVE = YES;
				CLANG_WARN_UNGUARDED_AVAILABILITY = YES_AGGRESSIVE;
				CLANG_WARN_UNREACHABLE_CODE = YES;
				CLANG_WARN__DUPLICATE_METHOD_MATCH = YES;
				COPY_PHASE_STRIP = NO;
				DEBUG_INFORMATION_FORMAT = dwarf;
				ENABLE_STRICT_OBJC_MSGSEND = YES;
				ENABLE_TESTABILITY = YES;
				GCC_C_LANGUAGE_STANDARD = gnu11;
				GCC_DYNAMIC_NO_PIC = NO;
				GCC_NO_COMMON_BLOCKS = YES;
				GCC_OPTIMIZATION_LEVEL = 0;
				GCC_PREPROCESSOR_DEFINITIONS = (
					"DEBUG=1",
					"$(inherited)",
				);
				GCC_WARN_64_TO_32_BIT_CONVERSION = YES;
				GCC_WARN_ABOUT_RETURN_TYPE = YES_ERROR;
				GCC_WARN_UNDECLARED_SELECTOR = YES;
				GCC_WARN_UNINITIALIZED_AUTOS = YES_AGGRESSIVE;
				GCC_WARN_UNUSED_FUNCTION = YES;
				GCC_WARN_UNUSED_VARIABLE = YES;
				IPHONEOS_DEPLOYMENT_TARGET = 14.0;
				MTL_ENABLE_DEBUG_INFO = INCLUDE_SOURCE;
				MTL_FAST_MATH = YES;
				ONLY_ACTIVE_ARCH = YES;
				SDKROOT = iphoneos;
				SWIFT_ACTIVE_COMPILATION_CONDITIONS = DEBUG;
				SWIFT_OPTIMIZATION_LEVEL = "-Onone";
			};
			name = Debug;
		};
		D8AC42FE24F5C2C100D04861 /* Release */ = {
			isa = XCBuildConfiguration;
			buildSettings = {
				ALWAYS_SEARCH_USER_PATHS = NO;
				CLANG_ANALYZER_NONNULL = YES;
				CLANG_ANALYZER_NUMBER_OBJECT_CONVERSION = YES_AGGRESSIVE;
				CLANG_CXX_LANGUAGE_STANDARD = "gnu++14";
				CLANG_CXX_LIBRARY = "libc++";
				CLANG_ENABLE_MODULES = YES;
				CLANG_ENABLE_OBJC_ARC = YES;
				CLANG_ENABLE_OBJC_WEAK = YES;
				CLANG_WARN_BLOCK_CAPTURE_AUTORELEASING = YES;
				CLANG_WARN_BOOL_CONVERSION = YES;
				CLANG_WARN_COMMA = YES;
				CLANG_WARN_CONSTANT_CONVERSION = YES;
				CLANG_WARN_DEPRECATED_OBJC_IMPLEMENTATIONS = YES;
				CLANG_WARN_DIRECT_OBJC_ISA_USAGE = YES_ERROR;
				CLANG_WARN_DOCUMENTATION_COMMENTS = YES;
				CLANG_WARN_EMPTY_BODY = YES;
				CLANG_WARN_ENUM_CONVERSION = YES;
				CLANG_WARN_INFINITE_RECURSION = YES;
				CLANG_WARN_INT_CONVERSION = YES;
				CLANG_WARN_NON_LITERAL_NULL_CONVERSION = YES;
				CLANG_WARN_OBJC_IMPLICIT_RETAIN_SELF = YES;
				CLANG_WARN_OBJC_LITERAL_CONVERSION = YES;
				CLANG_WARN_OBJC_ROOT_CLASS = YES_ERROR;
				CLANG_WARN_QUOTED_INCLUDE_IN_FRAMEWORK_HEADER = YES;
				CLANG_WARN_RANGE_LOOP_ANALYSIS = YES;
				CLANG_WARN_STRICT_PROTOTYPES = YES;
				CLANG_WARN_SUSPICIOUS_MOVE = YES;
				CLANG_WARN_UNGUARDED_AVAILABILITY = YES_AGGRESSIVE;
				CLANG_WARN_UNREACHABLE_CODE = YES;
				CLANG_WARN__DUPLICATE_METHOD_MATCH = YES;
				COPY_PHASE_STRIP = NO;
				DEBUG_INFORMATION_FORMAT = "dwarf-with-dsym";
				ENABLE_NS_ASSERTIONS = NO;
				ENABLE_STRICT_OBJC_MSGSEND = YES;
				GCC_C_LANGUAGE_STANDARD = gnu11;
				GCC_NO_COMMON_BLOCKS = YES;
				GCC_WARN_64_TO_32_BIT_CONVERSION = YES;
				GCC_WARN_ABOUT_RETURN_TYPE = YES_ERROR;
				GCC_WARN_UNDECLARED_SELECTOR = YES;
				GCC_WARN_UNINITIALIZED_AUTOS = YES_AGGRESSIVE;
				GCC_WARN_UNUSED_FUNCTION = YES;
				GCC_WARN_UNUSED_VARIABLE = YES;
				IPHONEOS_DEPLOYMENT_TARGET = 14.0;
				MTL_ENABLE_DEBUG_INFO = NO;
				MTL_FAST_MATH = YES;
				SDKROOT = iphoneos;
				SWIFT_COMPILATION_MODE = wholemodule;
				SWIFT_OPTIMIZATION_LEVEL = "-O";
				VALIDATE_PRODUCT = YES;
			};
			name = Release;
		};
		D8AC430024F5C2C100D04861 /* Debug */ = {
			isa = XCBuildConfiguration;
			buildSettings = {
				ASSETCATALOG_COMPILER_APPICON_NAME = AppIcon;
				ASSETCATALOG_COMPILER_GLOBAL_ACCENT_COLOR_NAME = AccentColor;
				CODE_SIGN_STYLE = Automatic;
				DEVELOPMENT_ASSET_PATHS = "\"NJSCalendar/Preview Content\"";
				DEVELOPMENT_TEAM = 4YF3X5R4SE;
				ENABLE_PREVIEWS = YES;
				INFOPLIST_FILE = NJSCalendar/Info.plist;
				IPHONEOS_DEPLOYMENT_TARGET = 14.0;
				LD_RUNPATH_SEARCH_PATHS = (
					"$(inherited)",
					"@executable_path/Frameworks",
				);
				PRODUCT_BUNDLE_IDENTIFIER = com.nathanstandage.NJSCalendar;
				PRODUCT_NAME = "$(TARGET_NAME)";
				SWIFT_VERSION = 5.0;
				TARGETED_DEVICE_FAMILY = "1,2";
			};
			name = Debug;
		};
		D8AC430124F5C2C100D04861 /* Release */ = {
			isa = XCBuildConfiguration;
			buildSettings = {
				ASSETCATALOG_COMPILER_APPICON_NAME = AppIcon;
				ASSETCATALOG_COMPILER_GLOBAL_ACCENT_COLOR_NAME = AccentColor;
				CODE_SIGN_STYLE = Automatic;
				DEVELOPMENT_ASSET_PATHS = "\"NJSCalendar/Preview Content\"";
				DEVELOPMENT_TEAM = 4YF3X5R4SE;
				ENABLE_PREVIEWS = YES;
				INFOPLIST_FILE = NJSCalendar/Info.plist;
				IPHONEOS_DEPLOYMENT_TARGET = 14.0;
				LD_RUNPATH_SEARCH_PATHS = (
					"$(inherited)",
					"@executable_path/Frameworks",
				);
				PRODUCT_BUNDLE_IDENTIFIER = com.nathanstandage.NJSCalendar;
				PRODUCT_NAME = "$(TARGET_NAME)";
				SWIFT_VERSION = 5.0;
				TARGETED_DEVICE_FAMILY = "1,2";
			};
			name = Release;
		};
/* End XCBuildConfiguration section */

/* Begin XCConfigurationList section */
		D8AC42EB24F5C2C000D04861 /* Build configuration list for PBXProject "NJSCalendar" */ = {
			isa = XCConfigurationList;
			buildConfigurations = (
				D8AC42FD24F5C2C100D04861 /* Debug */,
				D8AC42FE24F5C2C100D04861 /* Release */,
			);
			defaultConfigurationIsVisible = 0;
			defaultConfigurationName = Release;
		};
		D8AC42FF24F5C2C100D04861 /* Build configuration list for PBXNativeTarget "NJSCalendar" */ = {
			isa = XCConfigurationList;
			buildConfigurations = (
				D8AC430024F5C2C100D04861 /* Debug */,
				D8AC430124F5C2C100D04861 /* Release */,
			);
			defaultConfigurationIsVisible = 0;
			defaultConfigurationName = Release;
		};
/* End XCConfigurationList section */
	};
	rootObject = D8AC42E824F5C2C000D04861 /* Project object */;
}
